SITE
  remote: http://community.opscode.com/api/v1
  specs:
    build-essential (1.1.0)
    chef_handler (1.0.6)
    collectd (1.0.0)
    dmg (1.0.0)
    gunicorn (1.0.0)
      python (>= 0)
    java (1.5.2)
    openssl (1.0.0)
    passenger_apache2 (0.99.4)
      apache2 (>= 1.0.4)
      build-essential (>= 0.0.0)
    php (1.0.2)
      build-essential (>= 0.0.0)
      mysql (>= 0.0.0)
      xml (>= 0.0.0)
    python (1.0.8)
      build-essential (>= 0.0.0)
      yum (>= 0.0.0)
    runit (0.15.0)
    tomcat (0.10.4)
      java (>= 0.0.0)
    unicorn (1.0.0)
    windows (1.3.2)
      chef_handler (>= 0.0.0)
    xml (1.0.4)
    yum (0.8.0)

GIT
  remote: https://github.com/flaccid/cookbooks
  path: cookbooks/apache2
  ref: master
  sha: a5c2c3a3d9167ce064b9b2bbbc1ed7f90484c1c0
  specs:
    apache2 (1.1.10)

GIT
  remote: https://github.com/flaccid/cookbooks
  path: cookbooks/application
  ref: master
  sha: a5c2c3a3d9167ce064b9b2bbbc1ed7f90484c1c0
  specs:
    application (1.0.0)
      apache2 (>= 0.0.0)
      gunicorn (>= 0.0.0)
      passenger_apache2 (>= 0.0.0)
      php (>= 0.0.0)
      python (>= 1.0.6)
      runit (>= 0.0.0)
      tomcat (>= 0.0.0)
      unicorn (>= 0.0.0)

GIT
  remote: https://github.com/flaccid/cookbooks
  path: cookbooks/application_php
  ref: master
  sha: a5c2c3a3d9167ce064b9b2bbbc1ed7f90484c1c0
  specs:
    application_php (1.0.0)
      apache2 (>= 0.0.0)
      php (>= 0.0.0)

GIT
  remote: https://github.com/flaccid/cookbooks
  path: cookbooks/mysql
  ref: master
  sha: a5c2c3a3d9167ce064b9b2bbbc1ed7f90484c1c0
  specs:
    mysql (1.2.7)
      openssl (>= 0.0.0)

GIT
  remote: https://github.com/flaccid/cookbooks
  path: cookbooks/phpmyadmin_application
  ref: master
  sha: a5c2c3a3d9167ce064b9b2bbbc1ed7f90484c1c0
  specs:
    phpmyadmin_application (0.0.1)
      apache2 (>= 0.0.0)
      application (>= 0.0.0)
      application_php (>= 0.0.0)
      git (>= 0.0.0)
      passenger_apache2 (>= 0.0.0)
      php (>= 0.0.0)
      runit (>= 0.0.0)
      subversion (>= 0.0.0)

GIT
  remote: https://github.com/flaccid/cookbooks
  path: cookbooks/resolver
  ref: master
  sha: 910a195aa24c617ecb3b2c11167dec7d1ad03b72
  specs:
    resolver (0.8.2)

GIT
  remote: https://github.com/flaccid/cookbooks
  path: cookbooks/rightscale
  ref: master
  sha: 910a195aa24c617ecb3b2c11167dec7d1ad03b72
  specs:
    rightscale (0.0.1)
      collectd (>= 0.0.0)

GIT
  remote: https://github.com/flaccid/cookbooks
  path: cookbooks/system
  ref: master
  sha: 910a195aa24c617ecb3b2c11167dec7d1ad03b72
  specs:
    system (0.0.1)
      cron (>= 0.0.0)

GIT
  remote: https://github.com/opscode-cookbooks/cron
  ref: master
  sha: cc9ce3c83ce8bafa327664803ab63a05182c5ce4
  specs:
    cron (1.0.1)

GIT
  remote: https://github.com/opscode-cookbooks/git
  ref: master
  sha: 06ff406aad523e77d4adccaa4fe719c51a2a63f1
  specs:
    git (1.0.0)
      dmg (>= 0.0.0)
      runit (>= 0.0.0)
      yum (>= 0.0.0)

GIT
  remote: https://github.com/opscode-cookbooks/ntp
  ref: master
  sha: 3991185e38b07a09f8a6a4994dc6d778670a11a2
  specs:
    ntp (1.1.9)

GIT
  remote: https://github.com/opscode-cookbooks/subversion
  ref: master
  sha: 747f72ec72b5fc0e02d3852a98b44601139fe420
  specs:
    subversion (1.0.0)
      apache2 (>= 0.0.0)
      windows (>= 0.0.0)

GIT
  remote: https://github.com/opscode-cookbooks/sudo
  ref: master
  sha: e08de50f3d9327edb55676b1b6adb113ddc819dc
  specs:
    sudo (1.1.1)

DEPENDENCIES
  apache2 (>= 0)
  application (>= 0)
  application_php (>= 0)
  cron (>= 0)
  git (>= 0)
  mysql (>= 0)
  ntp (>= 0)
  phpmyadmin_application (>= 0)
  resolver (>= 0)
  rightscale (>= 0)
  subversion (>= 0)
  sudo (>= 0)
  system (>= 0)

